
Microsoft Visual Studio Solution File, Format Version 12.00
# Visual Studio Version 17
VisualStudioVersion = 17.7.34031.279
MinimumVisualStudioVersion = 10.0.40219.1
Project("{FAE04EC0-301F-11D3-BF4B-00C04F79EFBC}") = "OOP_LR_5.2", "OOP_LR_5.2\OOP_LR_5.2.csproj", "{EFFDDD6B-BFC2-47E7-AA98-A6C287925CAD}"
EndProject
Global
	GlobalSection(SolutionConfigurationPlatforms) = preSolution
		Debug|Any CPU = Debug|Any CPU
		Release|Any CPU = Release|Any CPU
	EndGlobalSection
	GlobalSection(ProjectConfigurationPlatforms) = postSolution
		{EFFDDD6B-BFC2-47E7-AA98-A6C287925CAD}.Debug|Any CPU.ActiveCfg = Debug|Any CPU
		{EFFDDD6B-BFC2-47E7-AA98-A6C287925CAD}.Debug|Any CPU.Build.0 = Debug|Any CPU
		{EFFDDD6B-BFC2-47E7-AA98-A6C287925CAD}.Release|Any CPU.ActiveCfg = Release|Any CPU
		{EFFDDD6B-BFC2-47E7-AA98-A6C287925CAD}.Release|Any CPU.Build.0 = Release|Any CPU
	EndGlobalSection
	GlobalSection(SolutionProperties) = preSolution
		HideSolutionNode = FALSE
	EndGlobalSection
	GlobalSection(ExtensibilityGlobals) = postSolution
		SolutionGuid = {C053BD76-DDF7-4235-9AAF-A6AA2562ECE9}
	EndGlobalSection
EndGlobal
